
Microsoft Visual Studio Solution File, Format Version 12.00
# Visual Studio 15
VisualStudioVersion = 15.0.27428.2005
MinimumVisualStudioVersion = 10.0.40219.1
Project("{FAE04EC0-301F-11D3-BF4B-00C04F79EFBC}") = "InsertNumberTask", "InsertNumberTask\InsertNumberTask.csproj", "{E8B76D2F-9C02-4ADC-BD39-BD542DCD4771}"
EndProject
Project("{FAE04EC0-301F-11D3-BF4B-00C04F79EFBC}") = "InsertNumberTests", "InsertNumberTests\InsertNumberTests.csproj", "{7E74D318-A5C8-472A-BD52-4AFC4CE02AA2}"
EndProject
Global
	GlobalSection(SolutionConfigurationPlatforms) = preSolution
		Debug|Any CPU = Debug|Any CPU
		Release|Any CPU = Release|Any CPU
	EndGlobalSection
	GlobalSection(ProjectConfigurationPlatforms) = postSolution
		{E8B76D2F-9C02-4ADC-BD39-BD542DCD4771}.Debug|Any CPU.ActiveCfg = Debug|Any CPU
		{E8B76D2F-9C02-4ADC-BD39-BD542DCD4771}.Debug|Any CPU.Build.0 = Debug|Any CPU
		{E8B76D2F-9C02-4ADC-BD39-BD542DCD4771}.Release|Any CPU.ActiveCfg = Release|Any CPU
		{E8B76D2F-9C02-4ADC-BD39-BD542DCD4771}.Release|Any CPU.Build.0 = Release|Any CPU
		{7E74D318-A5C8-472A-BD52-4AFC4CE02AA2}.Debug|Any CPU.ActiveCfg = Debug|Any CPU
		{7E74D318-A5C8-472A-BD52-4AFC4CE02AA2}.Debug|Any CPU.Build.0 = Debug|Any CPU
		{7E74D318-A5C8-472A-BD52-4AFC4CE02AA2}.Release|Any CPU.ActiveCfg = Release|Any CPU
		{7E74D318-A5C8-472A-BD52-4AFC4CE02AA2}.Release|Any CPU.Build.0 = Release|Any CPU
	EndGlobalSection
	GlobalSection(SolutionProperties) = preSolution
		HideSolutionNode = FALSE
	EndGlobalSection
	GlobalSection(ExtensibilityGlobals) = postSolution
		SolutionGuid = {8D68C83D-2A50-4B53-BA5F-AB92CDC4E05D}
	EndGlobalSection
EndGlobal
